
Microsoft Visual Studio Solution File, Format Version 12.00
# Visual Studio Version 16
VisualStudioVersion = 16.0.30907.101
MinimumVisualStudioVersion = 10.0.40219.1
Project("{FAE04EC0-301F-11D3-BF4B-00C04F79EFBC}") = "Messenger", "Messenger\Messenger.csproj", "{EE1DA8DB-08D8-4D5B-A72D-968FC1CD5792}"
EndProject
Global
	GlobalSection(SolutionConfigurationPlatforms) = preSolution
		Debug|Any CPU = Debug|Any CPU
		Release|Any CPU = Release|Any CPU
	EndGlobalSection
	GlobalSection(ProjectConfigurationPlatforms) = postSolution
		{EE1DA8DB-08D8-4D5B-A72D-968FC1CD5792}.Debug|Any CPU.ActiveCfg = Debug|Any CPU
		{EE1DA8DB-08D8-4D5B-A72D-968FC1CD5792}.Debug|Any CPU.Build.0 = Debug|Any CPU
		{EE1DA8DB-08D8-4D5B-A72D-968FC1CD5792}.Release|Any CPU.ActiveCfg = Release|Any CPU
		{EE1DA8DB-08D8-4D5B-A72D-968FC1CD5792}.Release|Any CPU.Build.0 = Release|Any CPU
	EndGlobalSection
	GlobalSection(SolutionProperties) = preSolution
		HideSolutionNode = FALSE
	EndGlobalSection
	GlobalSection(ExtensibilityGlobals) = postSolution
		SolutionGuid = {DCEE1E66-5EE8-4413-8990-2391DD16273F}
	EndGlobalSection
EndGlobal
